
Microsoft Visual Studio Solution File, Format Version 12.00
# Visual Studio Version 17
VisualStudioVersion = 17.3.32929.385
MinimumVisualStudioVersion = 10.0.40219.1
Project("{FAE04EC0-301F-11D3-BF4B-00C04F79EFBC}") = "Assignment1.1", "Assignment1.1\Assignment1.1.csproj", "{1A748361-66FA-41A5-9C8C-9F2CC79E189B}"
EndProject
Global
	GlobalSection(SolutionConfigurationPlatforms) = preSolution
		Debug|Any CPU = Debug|Any CPU
		Release|Any CPU = Release|Any CPU
	EndGlobalSection
	GlobalSection(ProjectConfigurationPlatforms) = postSolution
		{1A748361-66FA-41A5-9C8C-9F2CC79E189B}.Debug|Any CPU.ActiveCfg = Debug|Any CPU
		{1A748361-66FA-41A5-9C8C-9F2CC79E189B}.Debug|Any CPU.Build.0 = Debug|Any CPU
		{1A748361-66FA-41A5-9C8C-9F2CC79E189B}.Release|Any CPU.ActiveCfg = Release|Any CPU
		{1A748361-66FA-41A5-9C8C-9F2CC79E189B}.Release|Any CPU.Build.0 = Release|Any CPU
	EndGlobalSection
	GlobalSection(SolutionProperties) = preSolution
		HideSolutionNode = FALSE
	EndGlobalSection
	GlobalSection(ExtensibilityGlobals) = postSolution
		SolutionGuid = {43D5F269-A20A-441E-9D62-BD26A72920BE}
	EndGlobalSection
EndGlobal
