
Microsoft Visual Studio Solution File, Format Version 12.00
# Visual Studio Version 17
VisualStudioVersion = 17.3.32929.385
MinimumVisualStudioVersion = 10.0.40219.1
Project("{FAE04EC0-301F-11D3-BF4B-00C04F79EFBC}") = "Assignment1.3", "Assignment1.3\Assignment1.3.csproj", "{569BFACE-D678-4215-B7A0-AC8D5BB40954}"
EndProject
Global
	GlobalSection(SolutionConfigurationPlatforms) = preSolution
		Debug|Any CPU = Debug|Any CPU
		Release|Any CPU = Release|Any CPU
	EndGlobalSection
	GlobalSection(ProjectConfigurationPlatforms) = postSolution
		{569BFACE-D678-4215-B7A0-AC8D5BB40954}.Debug|Any CPU.ActiveCfg = Debug|Any CPU
		{569BFACE-D678-4215-B7A0-AC8D5BB40954}.Debug|Any CPU.Build.0 = Debug|Any CPU
		{569BFACE-D678-4215-B7A0-AC8D5BB40954}.Release|Any CPU.ActiveCfg = Release|Any CPU
		{569BFACE-D678-4215-B7A0-AC8D5BB40954}.Release|Any CPU.Build.0 = Release|Any CPU
	EndGlobalSection
	GlobalSection(SolutionProperties) = preSolution
		HideSolutionNode = FALSE
	EndGlobalSection
	GlobalSection(ExtensibilityGlobals) = postSolution
		SolutionGuid = {3B86709B-7876-4A00-9078-62AC3E6AC65E}
	EndGlobalSection
EndGlobal
