
Microsoft Visual Studio Solution File, Format Version 12.00
# Visual Studio Version 17
VisualStudioVersion = 17.3.32929.385
MinimumVisualStudioVersion = 10.0.40219.1
Project("{FAE04EC0-301F-11D3-BF4B-00C04F79EFBC}") = "Assignment5.4", "Assignment5.4\Assignment5.4.csproj", "{648A95E4-C7F0-4F06-A567-BC7907E88D4A}"
EndProject
Global
	GlobalSection(SolutionConfigurationPlatforms) = preSolution
		Debug|Any CPU = Debug|Any CPU
		Release|Any CPU = Release|Any CPU
	EndGlobalSection
	GlobalSection(ProjectConfigurationPlatforms) = postSolution
		{648A95E4-C7F0-4F06-A567-BC7907E88D4A}.Debug|Any CPU.ActiveCfg = Debug|Any CPU
		{648A95E4-C7F0-4F06-A567-BC7907E88D4A}.Debug|Any CPU.Build.0 = Debug|Any CPU
		{648A95E4-C7F0-4F06-A567-BC7907E88D4A}.Release|Any CPU.ActiveCfg = Release|Any CPU
		{648A95E4-C7F0-4F06-A567-BC7907E88D4A}.Release|Any CPU.Build.0 = Release|Any CPU
	EndGlobalSection
	GlobalSection(SolutionProperties) = preSolution
		HideSolutionNode = FALSE
	EndGlobalSection
	GlobalSection(ExtensibilityGlobals) = postSolution
		SolutionGuid = {81E86B93-980B-4C55-A8A8-4EA6900EB8AE}
	EndGlobalSection
EndGlobal
