
Microsoft Visual Studio Solution File, Format Version 12.00
# Visual Studio Version 17
VisualStudioVersion = 17.3.32929.385
MinimumVisualStudioVersion = 10.0.40219.1
Project("{FAE04EC0-301F-11D3-BF4B-00C04F79EFBC}") = "Assignment7", "Assignment7\Assignment7.csproj", "{42691D21-D9A8-4D2E-831B-9AD636296F31}"
EndProject
Global
	GlobalSection(SolutionConfigurationPlatforms) = preSolution
		Debug|Any CPU = Debug|Any CPU
		Release|Any CPU = Release|Any CPU
	EndGlobalSection
	GlobalSection(ProjectConfigurationPlatforms) = postSolution
		{42691D21-D9A8-4D2E-831B-9AD636296F31}.Debug|Any CPU.ActiveCfg = Debug|Any CPU
		{42691D21-D9A8-4D2E-831B-9AD636296F31}.Debug|Any CPU.Build.0 = Debug|Any CPU
		{42691D21-D9A8-4D2E-831B-9AD636296F31}.Release|Any CPU.ActiveCfg = Release|Any CPU
		{42691D21-D9A8-4D2E-831B-9AD636296F31}.Release|Any CPU.Build.0 = Release|Any CPU
	EndGlobalSection
	GlobalSection(SolutionProperties) = preSolution
		HideSolutionNode = FALSE
	EndGlobalSection
	GlobalSection(ExtensibilityGlobals) = postSolution
		SolutionGuid = {2B4D8449-B122-4E0D-88FD-16730AFA1A6F}
	EndGlobalSection
EndGlobal
