
Microsoft Visual Studio Solution File, Format Version 12.00
# Visual Studio Version 17
VisualStudioVersion = 17.3.32929.385
MinimumVisualStudioVersion = 10.0.40219.1
Project("{FAE04EC0-301F-11D3-BF4B-00C04F79EFBC}") = "Assignment5", "Assignment5\Assignment5.csproj", "{C7E4ED81-B16A-447A-9B2E-C23076E935B5}"
EndProject
Global
	GlobalSection(SolutionConfigurationPlatforms) = preSolution
		Debug|Any CPU = Debug|Any CPU
		Release|Any CPU = Release|Any CPU
	EndGlobalSection
	GlobalSection(ProjectConfigurationPlatforms) = postSolution
		{C7E4ED81-B16A-447A-9B2E-C23076E935B5}.Debug|Any CPU.ActiveCfg = Debug|Any CPU
		{C7E4ED81-B16A-447A-9B2E-C23076E935B5}.Debug|Any CPU.Build.0 = Debug|Any CPU
		{C7E4ED81-B16A-447A-9B2E-C23076E935B5}.Release|Any CPU.ActiveCfg = Release|Any CPU
		{C7E4ED81-B16A-447A-9B2E-C23076E935B5}.Release|Any CPU.Build.0 = Release|Any CPU
	EndGlobalSection
	GlobalSection(SolutionProperties) = preSolution
		HideSolutionNode = FALSE
	EndGlobalSection
	GlobalSection(ExtensibilityGlobals) = postSolution
		SolutionGuid = {E49F9CEC-E551-459E-9FAB-077D2F4D7A4C}
	EndGlobalSection
EndGlobal
